
Microsoft Visual Studio Solution File, Format Version 12.00
# Visual Studio Version 16
VisualStudioVersion = 16.0.31129.286
MinimumVisualStudioVersion = 10.0.40219.1
Project("{9A19103F-16F7-4668-BE54-9A1E7A4F7556}") = "HomeWork_4_3", "HomeWork_4_3.csproj", "{2E4D0833-F487-4873-A705-464DC2C46370}"
EndProject
Project("{FAE04EC0-301F-11D3-BF4B-00C04F79EFBC}") = "HomeWork_4_3_1", "..\HomeWork_4_3_1\HomeWork_4_3_1.csproj", "{8A742AE2-69E2-4E18-801F-C3760841B171}"
EndProject
Global
	GlobalSection(SolutionConfigurationPlatforms) = preSolution
		Debug|Any CPU = Debug|Any CPU
		Release|Any CPU = Release|Any CPU
	EndGlobalSection
	GlobalSection(ProjectConfigurationPlatforms) = postSolution
		{2E4D0833-F487-4873-A705-464DC2C46370}.Debug|Any CPU.ActiveCfg = Debug|Any CPU
		{2E4D0833-F487-4873-A705-464DC2C46370}.Debug|Any CPU.Build.0 = Debug|Any CPU
		{2E4D0833-F487-4873-A705-464DC2C46370}.Release|Any CPU.ActiveCfg = Release|Any CPU
		{2E4D0833-F487-4873-A705-464DC2C46370}.Release|Any CPU.Build.0 = Release|Any CPU
		{8A742AE2-69E2-4E18-801F-C3760841B171}.Debug|Any CPU.ActiveCfg = Debug|Any CPU
		{8A742AE2-69E2-4E18-801F-C3760841B171}.Debug|Any CPU.Build.0 = Debug|Any CPU
		{8A742AE2-69E2-4E18-801F-C3760841B171}.Release|Any CPU.ActiveCfg = Release|Any CPU
		{8A742AE2-69E2-4E18-801F-C3760841B171}.Release|Any CPU.Build.0 = Release|Any CPU
	EndGlobalSection
	GlobalSection(SolutionProperties) = preSolution
		HideSolutionNode = FALSE
	EndGlobalSection
	GlobalSection(ExtensibilityGlobals) = postSolution
		SolutionGuid = {995DC509-80D2-4479-82A9-519CF19112F5}
	EndGlobalSection
EndGlobal
