
Microsoft Visual Studio Solution File, Format Version 12.00
# Visual Studio Version 17
VisualStudioVersion = 17.0.32112.339
MinimumVisualStudioVersion = 10.0.40219.1
Project("{9A19103F-16F7-4668-BE54-9A1E7A4F7556}") = "WordsColumn", "WordsColumn.csproj", "{67675F4F-C4D6-4B9C-B0E4-6035F613FA51}"
EndProject
Project("{9A19103F-16F7-4668-BE54-9A1E7A4F7556}") = "ShortAndMaxWord", "..\ShortWord\ShortAndMaxWord.csproj", "{E52E29B9-6726-4601-93CD-67047396263A}"
EndProject
Project("{FAE04EC0-301F-11D3-BF4B-00C04F79EFBC}") = "MathodStringRevers", "..\MathodStringRevers\MathodStringRevers.csproj", "{439EDA25-1E86-4AFD-8AEE-991836FE411C}"
EndProject
Global
	GlobalSection(SolutionConfigurationPlatforms) = preSolution
		Debug|Any CPU = Debug|Any CPU
		Release|Any CPU = Release|Any CPU
	EndGlobalSection
	GlobalSection(ProjectConfigurationPlatforms) = postSolution
		{67675F4F-C4D6-4B9C-B0E4-6035F613FA51}.Debug|Any CPU.ActiveCfg = Debug|Any CPU
		{67675F4F-C4D6-4B9C-B0E4-6035F613FA51}.Debug|Any CPU.Build.0 = Debug|Any CPU
		{67675F4F-C4D6-4B9C-B0E4-6035F613FA51}.Release|Any CPU.ActiveCfg = Release|Any CPU
		{67675F4F-C4D6-4B9C-B0E4-6035F613FA51}.Release|Any CPU.Build.0 = Release|Any CPU
		{E52E29B9-6726-4601-93CD-67047396263A}.Debug|Any CPU.ActiveCfg = Debug|Any CPU
		{E52E29B9-6726-4601-93CD-67047396263A}.Debug|Any CPU.Build.0 = Debug|Any CPU
		{E52E29B9-6726-4601-93CD-67047396263A}.Release|Any CPU.ActiveCfg = Release|Any CPU
		{E52E29B9-6726-4601-93CD-67047396263A}.Release|Any CPU.Build.0 = Release|Any CPU
		{439EDA25-1E86-4AFD-8AEE-991836FE411C}.Debug|Any CPU.ActiveCfg = Debug|Any CPU
		{439EDA25-1E86-4AFD-8AEE-991836FE411C}.Debug|Any CPU.Build.0 = Debug|Any CPU
		{439EDA25-1E86-4AFD-8AEE-991836FE411C}.Release|Any CPU.ActiveCfg = Release|Any CPU
		{439EDA25-1E86-4AFD-8AEE-991836FE411C}.Release|Any CPU.Build.0 = Release|Any CPU
	EndGlobalSection
	GlobalSection(SolutionProperties) = preSolution
		HideSolutionNode = FALSE
	EndGlobalSection
	GlobalSection(ExtensibilityGlobals) = postSolution
		SolutionGuid = {2809EB4A-4A4C-458E-8C7F-A4A8147B527D}
	EndGlobalSection
EndGlobal
