
Microsoft Visual Studio Solution File, Format Version 12.00
# Visual Studio Version 16
VisualStudioVersion = 16.0.30320.27
MinimumVisualStudioVersion = 10.0.40219.1
Project("{FAE04EC0-301F-11D3-BF4B-00C04F79EFBC}") = "HomeWork_3", "HomeWork_3.csproj", "{AEAA9387-79BC-4168-8620-496D96F72064}"
EndProject
Global
	GlobalSection(SolutionConfigurationPlatforms) = preSolution
		Debug|Any CPU = Debug|Any CPU
		Release|Any CPU = Release|Any CPU
	EndGlobalSection
	GlobalSection(ProjectConfigurationPlatforms) = postSolution
		{AEAA9387-79BC-4168-8620-496D96F72064}.Debug|Any CPU.ActiveCfg = Debug|Any CPU
		{AEAA9387-79BC-4168-8620-496D96F72064}.Debug|Any CPU.Build.0 = Debug|Any CPU
		{AEAA9387-79BC-4168-8620-496D96F72064}.Release|Any CPU.ActiveCfg = Release|Any CPU
		{AEAA9387-79BC-4168-8620-496D96F72064}.Release|Any CPU.Build.0 = Release|Any CPU
	EndGlobalSection
	GlobalSection(SolutionProperties) = preSolution
		HideSolutionNode = FALSE
	EndGlobalSection
	GlobalSection(ExtensibilityGlobals) = postSolution
		SolutionGuid = {7C03CFAC-A6CF-4D82-A38B-B2963A76DC1B}
	EndGlobalSection
EndGlobal
