
Microsoft Visual Studio Solution File, Format Version 12.00
# Visual Studio Version 17
VisualStudioVersion = 17.0.32112.339
MinimumVisualStudioVersion = 10.0.40219.1
Project("{9A19103F-16F7-4668-BE54-9A1E7A4F7556}") = "HomeWork_Methods_5_01", "HomeWork_Methods_5_01.csproj", "{21FDC019-26EA-4A89-88A9-B3A14CBBC48F}"
EndProject
Project("{9A19103F-16F7-4668-BE54-9A1E7A4F7556}") = "HomeWork_Methods_5_02", "..\HomeWork_Methods_5_02\HomeWork_Methods_5_02.csproj", "{AC1BD1B8-3C08-4D6F-A124-2752E1DBEA89}"
EndProject
Project("{9A19103F-16F7-4668-BE54-9A1E7A4F7556}") = "MetodAdditions", "..\MetodPluss\MetodAdditions.csproj", "{4D90F9AC-6F9A-4849-92CE-710734A6100F}"
EndProject
Project("{9A19103F-16F7-4668-BE54-9A1E7A4F7556}") = "MethodSubtractions", "..\MethodSubtractions\MethodSubtractions.csproj", "{28F519E4-288D-460F-9E71-752ABF11D3EC}"
EndProject
Project("{9A19103F-16F7-4668-BE54-9A1E7A4F7556}") = "MultiplicationMatrix", "..\MultiplicationMatrix\MultiplicationMatrix.csproj", "{EEEB5212-9BC2-4944-89A7-84E43BD3C420}"
EndProject
Project("{9A19103F-16F7-4668-BE54-9A1E7A4F7556}") = "MatrixOnNumber", "..\MatrixOnMatrix\MatrixOnNumber.csproj", "{9B0B5370-BE17-4380-BDAB-42D82D7CDD5F}"
EndProject
Global
	GlobalSection(SolutionConfigurationPlatforms) = preSolution
		Debug|Any CPU = Debug|Any CPU
		Release|Any CPU = Release|Any CPU
	EndGlobalSection
	GlobalSection(ProjectConfigurationPlatforms) = postSolution
		{21FDC019-26EA-4A89-88A9-B3A14CBBC48F}.Debug|Any CPU.ActiveCfg = Debug|Any CPU
		{21FDC019-26EA-4A89-88A9-B3A14CBBC48F}.Debug|Any CPU.Build.0 = Debug|Any CPU
		{21FDC019-26EA-4A89-88A9-B3A14CBBC48F}.Release|Any CPU.ActiveCfg = Release|Any CPU
		{21FDC019-26EA-4A89-88A9-B3A14CBBC48F}.Release|Any CPU.Build.0 = Release|Any CPU
		{AC1BD1B8-3C08-4D6F-A124-2752E1DBEA89}.Debug|Any CPU.ActiveCfg = Debug|Any CPU
		{AC1BD1B8-3C08-4D6F-A124-2752E1DBEA89}.Debug|Any CPU.Build.0 = Debug|Any CPU
		{AC1BD1B8-3C08-4D6F-A124-2752E1DBEA89}.Release|Any CPU.ActiveCfg = Release|Any CPU
		{AC1BD1B8-3C08-4D6F-A124-2752E1DBEA89}.Release|Any CPU.Build.0 = Release|Any CPU
		{4D90F9AC-6F9A-4849-92CE-710734A6100F}.Debug|Any CPU.ActiveCfg = Debug|Any CPU
		{4D90F9AC-6F9A-4849-92CE-710734A6100F}.Debug|Any CPU.Build.0 = Debug|Any CPU
		{4D90F9AC-6F9A-4849-92CE-710734A6100F}.Release|Any CPU.ActiveCfg = Release|Any CPU
		{4D90F9AC-6F9A-4849-92CE-710734A6100F}.Release|Any CPU.Build.0 = Release|Any CPU
		{28F519E4-288D-460F-9E71-752ABF11D3EC}.Debug|Any CPU.ActiveCfg = Debug|Any CPU
		{28F519E4-288D-460F-9E71-752ABF11D3EC}.Debug|Any CPU.Build.0 = Debug|Any CPU
		{28F519E4-288D-460F-9E71-752ABF11D3EC}.Release|Any CPU.ActiveCfg = Release|Any CPU
		{28F519E4-288D-460F-9E71-752ABF11D3EC}.Release|Any CPU.Build.0 = Release|Any CPU
		{EEEB5212-9BC2-4944-89A7-84E43BD3C420}.Debug|Any CPU.ActiveCfg = Debug|Any CPU
		{EEEB5212-9BC2-4944-89A7-84E43BD3C420}.Debug|Any CPU.Build.0 = Debug|Any CPU
		{EEEB5212-9BC2-4944-89A7-84E43BD3C420}.Release|Any CPU.ActiveCfg = Release|Any CPU
		{EEEB5212-9BC2-4944-89A7-84E43BD3C420}.Release|Any CPU.Build.0 = Release|Any CPU
		{9B0B5370-BE17-4380-BDAB-42D82D7CDD5F}.Debug|Any CPU.ActiveCfg = Debug|Any CPU
		{9B0B5370-BE17-4380-BDAB-42D82D7CDD5F}.Debug|Any CPU.Build.0 = Debug|Any CPU
		{9B0B5370-BE17-4380-BDAB-42D82D7CDD5F}.Release|Any CPU.ActiveCfg = Release|Any CPU
		{9B0B5370-BE17-4380-BDAB-42D82D7CDD5F}.Release|Any CPU.Build.0 = Release|Any CPU
	EndGlobalSection
	GlobalSection(SolutionProperties) = preSolution
		HideSolutionNode = FALSE
	EndGlobalSection
	GlobalSection(ExtensibilityGlobals) = postSolution
		SolutionGuid = {3C825BEE-5C6B-48EF-8E6C-7A97786097B7}
	EndGlobalSection
EndGlobal
