
Microsoft Visual Studio Solution File, Format Version 12.00
# Visual Studio Version 16
VisualStudioVersion = 16.0.30320.27
MinimumVisualStudioVersion = 10.0.40219.1
Project("{FAE04EC0-301F-11D3-BF4B-00C04F79EFBC}") = "HomeWork_2.0", "HomeWork_2.0.csproj", "{EAD0DB29-9331-4F4A-90BD-99DA5C6F3333}"
EndProject
Global
	GlobalSection(SolutionConfigurationPlatforms) = preSolution
		Debug|Any CPU = Debug|Any CPU
		Release|Any CPU = Release|Any CPU
	EndGlobalSection
	GlobalSection(ProjectConfigurationPlatforms) = postSolution
		{EAD0DB29-9331-4F4A-90BD-99DA5C6F3333}.Debug|Any CPU.ActiveCfg = Debug|Any CPU
		{EAD0DB29-9331-4F4A-90BD-99DA5C6F3333}.Debug|Any CPU.Build.0 = Debug|Any CPU
		{EAD0DB29-9331-4F4A-90BD-99DA5C6F3333}.Release|Any CPU.ActiveCfg = Release|Any CPU
		{EAD0DB29-9331-4F4A-90BD-99DA5C6F3333}.Release|Any CPU.Build.0 = Release|Any CPU
	EndGlobalSection
	GlobalSection(SolutionProperties) = preSolution
		HideSolutionNode = FALSE
	EndGlobalSection
	GlobalSection(ExtensibilityGlobals) = postSolution
		SolutionGuid = {BA8C43D5-6DFC-41D2-908B-7C495C2089C0}
	EndGlobalSection
EndGlobal
