
Microsoft Visual Studio Solution File, Format Version 12.00
# Visual Studio Version 16
VisualStudioVersion = 16.0.30320.27
MinimumVisualStudioVersion = 10.0.40219.1
Project("{FAE04EC0-301F-11D3-BF4B-00C04F79EFBC}") = "HomeWork_2.3", "HomeWork_2.3.csproj", "{410FEC01-22AC-4BBF-BD64-8AC8E0FD839B}"
EndProject
Global
	GlobalSection(SolutionConfigurationPlatforms) = preSolution
		Debug|Any CPU = Debug|Any CPU
		Release|Any CPU = Release|Any CPU
	EndGlobalSection
	GlobalSection(ProjectConfigurationPlatforms) = postSolution
		{410FEC01-22AC-4BBF-BD64-8AC8E0FD839B}.Debug|Any CPU.ActiveCfg = Debug|Any CPU
		{410FEC01-22AC-4BBF-BD64-8AC8E0FD839B}.Debug|Any CPU.Build.0 = Debug|Any CPU
		{410FEC01-22AC-4BBF-BD64-8AC8E0FD839B}.Release|Any CPU.ActiveCfg = Release|Any CPU
		{410FEC01-22AC-4BBF-BD64-8AC8E0FD839B}.Release|Any CPU.Build.0 = Release|Any CPU
	EndGlobalSection
	GlobalSection(SolutionProperties) = preSolution
		HideSolutionNode = FALSE
	EndGlobalSection
	GlobalSection(ExtensibilityGlobals) = postSolution
		SolutionGuid = {1B18F447-68FD-4F33-9A79-71FDB1EF72CB}
	EndGlobalSection
EndGlobal
